{
  "lockfileVersion": 1,
  "configVersion": 1,
  "workspaces": {
    "": {
      "name": "hytale-protocol-wiki",
      "dependencies": {
        "@openrouter/ai-sdk-provider": "^1.5.4",
        "ai": "^6.0.39",
        "tree-sitter": "^0.22.4",
        "tree-sitter-java": "^0.23.5",
        "zod": "^4.3.5",
      },
      "devDependencies": {
        "@types/bun": "latest",
        "@types/node": "^20.19.30",
        "typescript": "^5.9.3",
      },
    },
  },
  "packages": {
    "@ai-sdk/gateway": ["@ai-sdk/gateway@3.0.16", "", { "dependencies": { "@ai-sdk/provider": "3.0.4", "@ai-sdk/provider-utils": "4.0.8", "@vercel/oidc": "3.1.0" }, "peerDependencies": { "zod": "^3.25.76 || ^4.1.8" } }, "sha512-OOY5CfRJiHvh/8np2vs1RQaCZ5hWv2qOeEmmeiABXK3gLQHUVnCO+1hhoLsZdHM5iElu6M407dAOfyvTsKJqcQ=="],

    "@ai-sdk/provider": ["@ai-sdk/provider@3.0.4", "", { "dependencies": { "json-schema": "^0.4.0" } }, "sha512-5KXyBOSEX+l67elrEa+wqo/LSsSTtrPj9Uoh3zMbe/ceQX4ucHI3b9nUEfNkGF3Ry1svv90widAt+aiKdIJasQ=="],

    "@ai-sdk/provider-utils": ["@ai-sdk/provider-utils@4.0.8", "", { "dependencies": { "@ai-sdk/provider": "3.0.4", "@standard-schema/spec": "^1.1.0", "eventsource-parser": "^3.0.6" }, "peerDependencies": { "zod": "^3.25.76 || ^4.1.8" } }, "sha512-ns9gN7MmpI8vTRandzgz+KK/zNMLzhrriiKECMt4euLtQFSBgNfydtagPOX4j4pS1/3KvHF6RivhT3gNQgBZsg=="],

    "@openrouter/ai-sdk-provider": ["@openrouter/ai-sdk-provider@1.5.4", "", { "dependencies": { "@openrouter/sdk": "^0.1.27" }, "peerDependencies": { "ai": "^5.0.0", "zod": "^3.24.1 || ^v4" } }, "sha512-xrSQPUIH8n9zuyYZR0XK7Ba0h2KsjJcMkxnwaYfmv13pKs3sDkjPzVPPhlhzqBGddHb5cFEwJ9VFuFeDcxCDSw=="],

    "@openrouter/sdk": ["@openrouter/sdk@0.1.27", "", { "dependencies": { "zod": "^3.25.0 || ^4.0.0" } }, "sha512-RH//L10bSmc81q25zAZudiI4kNkLgxF2E+WU42vghp3N6TEvZ6F0jK7uT3tOxkEn91gzmMw9YVmDENy7SJsajQ=="],

    "@opentelemetry/api": ["@opentelemetry/api@1.9.0", "", {}, "sha512-3giAOQvZiH5F9bMlMiv8+GSPMeqg0dbaeo58/0SlA9sxSqZhnUtxzX9/2FzyhS9sWQf5S0GJE0AKBrFqjpeYcg=="],

    "@standard-schema/spec": ["@standard-schema/spec@1.1.0", "", {}, "sha512-l2aFy5jALhniG5HgqrD6jXLi/rUWrKvqN/qJx6yoJsgKhblVd+iqqU4RCXavm/jPityDo5TCvKMnpjKnOriy0w=="],

    "@types/bun": ["@types/bun@1.3.6", "", { "dependencies": { "bun-types": "1.3.6" } }, "sha512-uWCv6FO/8LcpREhenN1d1b6fcspAB+cefwD7uti8C8VffIv0Um08TKMn98FynpTiU38+y2dUO55T11NgDt8VAA=="],

    "@types/node": ["@types/node@20.19.30", "", { "dependencies": { "undici-types": "~6.21.0" } }, "sha512-WJtwWJu7UdlvzEAUm484QNg5eAoq5QR08KDNx7g45Usrs2NtOPiX8ugDqmKdXkyL03rBqU5dYNYVQetEpBHq2g=="],

    "@vercel/oidc": ["@vercel/oidc@3.1.0", "", {}, "sha512-Fw28YZpRnA3cAHHDlkt7xQHiJ0fcL+NRcIqsocZQUSmbzeIKRpwttJjik5ZGanXP+vlA4SbTg+AbA3bP363l+w=="],

    "ai": ["ai@6.0.39", "", { "dependencies": { "@ai-sdk/gateway": "3.0.16", "@ai-sdk/provider": "3.0.4", "@ai-sdk/provider-utils": "4.0.8", "@opentelemetry/api": "1.9.0" }, "peerDependencies": { "zod": "^3.25.76 || ^4.1.8" } }, "sha512-hF05gF4H+IxuilA8kNANVVHQXduTJsJaH74jmlmy8mcQt3NZgPYe2zZNyGBV4DPDYTUDt1h31hbLgQqJTn5LGA=="],

    "bun-types": ["bun-types@1.3.6", "", { "dependencies": { "@types/node": "*" } }, "sha512-OlFwHcnNV99r//9v5IIOgQ9Uk37gZqrNMCcqEaExdkVq3Avwqok1bJFmvGMCkCE0FqzdY8VMOZpfpR3lwI+CsQ=="],

    "eventsource-parser": ["eventsource-parser@3.0.6", "", {}, "sha512-Vo1ab+QXPzZ4tCa8SwIHJFaSzy4R6SHf7BY79rFBDf0idraZWAkYrDjDj8uWaSm3S2TK+hJ7/t1CEmZ7jXw+pg=="],

    "json-schema": ["json-schema@0.4.0", "", {}, "sha512-es94M3nTIfsEPisRafak+HDLfHXnKBhV3vU5eqPcS3flIWqcxJWgXHXiey3YrpaNsanY5ei1VoYEbOzijuq9BA=="],

    "node-addon-api": ["node-addon-api@8.5.0", "", {}, "sha512-/bRZty2mXUIFY/xU5HLvveNHlswNJej+RnxBjOMkidWfwZzgTbPG1E3K5TOxRLOR+5hX7bSofy8yf1hZevMS8A=="],

    "node-gyp-build": ["node-gyp-build@4.8.4", "", { "bin": { "node-gyp-build": "bin.js", "node-gyp-build-optional": "optional.js", "node-gyp-build-test": "build-test.js" } }, "sha512-LA4ZjwlnUblHVgq0oBF3Jl/6h/Nvs5fzBLwdEF4nuxnFdsfajde4WfxtJr3CaiH+F6ewcIB/q4jQ4UzPyid+CQ=="],

    "tree-sitter": ["tree-sitter@0.22.4", "", { "dependencies": { "node-addon-api": "^8.3.0", "node-gyp-build": "^4.8.4" } }, "sha512-usbHZP9/oxNsUY65MQUsduGRqDHQOou1cagUSwjhoSYAmSahjQDAVsh9s+SlZkn8X8+O1FULRGwHu7AFP3kjzg=="],

    "tree-sitter-java": ["tree-sitter-java@0.23.5", "", { "dependencies": { "node-addon-api": "^8.2.2", "node-gyp-build": "^4.8.2" }, "peerDependencies": { "tree-sitter": "^0.21.1" }, "optionalPeers": ["tree-sitter"] }, "sha512-Yju7oQ0Xx7GcUT01mUglPP+bYfvqjNCGdxqigTnew9nLGoII42PNVP3bHrYeMxswiCRM0yubWmN5qk+zsg0zMA=="],

    "typescript": ["typescript@5.9.3", "", { "bin": { "tsc": "bin/tsc", "tsserver": "bin/tsserver" } }, "sha512-jl1vZzPDinLr9eUt3J/t7V6FgNEw9QjvBPdysz9KfQDD41fQrC2Y4vKQdiaUpFT4bXlb1RHhLpp8wtm6M5TgSw=="],

    "undici-types": ["undici-types@6.21.0", "", {}, "sha512-iwDZqg0QAGrg9Rav5H4n0M64c3mkR59cJ6wQp+7C4nI0gsmExaedaYLNO44eT4AtBBwjbTiGPMlt2Md0T9H9JQ=="],

    "zod": ["zod@4.3.5", "", {}, "sha512-k7Nwx6vuWx1IJ9Bjuf4Zt1PEllcwe7cls3VNzm4CQ1/hgtFUK2bRNG3rvnpPUhFjmqJKAKtjV576KnUkHocg/g=="],
  }
}
